
Microsoft Visual Studio Solution File, Format Version 12.00
# Visual Studio Version 17
VisualStudioVersion = 17.8.34316.72
MinimumVisualStudioVersion = 10.0.40219.1
Project("{FAE04EC0-301F-11D3-BF4B-00C04F79EFBC}") = "FirstLessonProgramming", "FirstLessonProgramming\FirstLessonProgramming.csproj", "{01FCD21D-1532-4A37-9437-4340459FA911}"
EndProject
Global
	GlobalSection(SolutionConfigurationPlatforms) = preSolution
		Debug|Any CPU = Debug|Any CPU
		Release|Any CPU = Release|Any CPU
	EndGlobalSection
	GlobalSection(ProjectConfigurationPlatforms) = postSolution
		{01FCD21D-1532-4A37-9437-4340459FA911}.Debug|Any CPU.ActiveCfg = Debug|Any CPU
		{01FCD21D-1532-4A37-9437-4340459FA911}.Debug|Any CPU.Build.0 = Debug|Any CPU
		{01FCD21D-1532-4A37-9437-4340459FA911}.Release|Any CPU.ActiveCfg = Release|Any CPU
		{01FCD21D-1532-4A37-9437-4340459FA911}.Release|Any CPU.Build.0 = Release|Any CPU
	EndGlobalSection
	GlobalSection(SolutionProperties) = preSolution
		HideSolutionNode = FALSE
	EndGlobalSection
	GlobalSection(ExtensibilityGlobals) = postSolution
		SolutionGuid = {0BF5A30E-215A-4B6C-B7E5-6F018E63C18E}
	EndGlobalSection
EndGlobal
